
Microsoft Visual Studio Solution File, Format Version 12.00
# Visual Studio Version 16
VisualStudioVersion = 16.0.29806.167
MinimumVisualStudioVersion = 10.0.40219.1
Project("{FAE04EC0-301F-11D3-BF4B-00C04F79EFBC}") = "SimpleHierarchy", "SimpleHierarchy\SimpleHierarchy.csproj", "{641753D2-861D-42A3-8F62-73BD376264AE}"
EndProject
Project("{FAE04EC0-301F-11D3-BF4B-00C04F79EFBC}") = "IceCream", "IceCream\IceCream.csproj", "{1BDA971A-93E6-42E2-BC26-004498FD61B9}"
EndProject
Project("{FAE04EC0-301F-11D3-BF4B-00C04F79EFBC}") = "IceCreamRecipes", "IceCreamRecipes\IceCreamRecipes.csproj", "{68516321-06E1-46CE-8D87-300033C258CA}"
EndProject
Project("{FAE04EC0-301F-11D3-BF4B-00C04F79EFBC}") = "SimpleHierarchy.Tests", "SimpleHierarchy.Tests\SimpleHierarchy.Tests.csproj", "{5D796BFE-8709-49D7-83F1-DDE2BD17A67B}"
EndProject
Global
	GlobalSection(SolutionConfigurationPlatforms) = preSolution
		Debug|Any CPU = Debug|Any CPU
		Release|Any CPU = Release|Any CPU
	EndGlobalSection
	GlobalSection(ProjectConfigurationPlatforms) = postSolution
		{641753D2-861D-42A3-8F62-73BD376264AE}.Debug|Any CPU.ActiveCfg = Debug|Any CPU
		{641753D2-861D-42A3-8F62-73BD376264AE}.Debug|Any CPU.Build.0 = Debug|Any CPU
		{641753D2-861D-42A3-8F62-73BD376264AE}.Release|Any CPU.ActiveCfg = Release|Any CPU
		{641753D2-861D-42A3-8F62-73BD376264AE}.Release|Any CPU.Build.0 = Release|Any CPU
		{1BDA971A-93E6-42E2-BC26-004498FD61B9}.Debug|Any CPU.ActiveCfg = Debug|Any CPU
		{1BDA971A-93E6-42E2-BC26-004498FD61B9}.Debug|Any CPU.Build.0 = Debug|Any CPU
		{1BDA971A-93E6-42E2-BC26-004498FD61B9}.Release|Any CPU.ActiveCfg = Release|Any CPU
		{1BDA971A-93E6-42E2-BC26-004498FD61B9}.Release|Any CPU.Build.0 = Release|Any CPU
		{68516321-06E1-46CE-8D87-300033C258CA}.Debug|Any CPU.ActiveCfg = Debug|Any CPU
		{68516321-06E1-46CE-8D87-300033C258CA}.Debug|Any CPU.Build.0 = Debug|Any CPU
		{68516321-06E1-46CE-8D87-300033C258CA}.Release|Any CPU.ActiveCfg = Release|Any CPU
		{68516321-06E1-46CE-8D87-300033C258CA}.Release|Any CPU.Build.0 = Release|Any CPU
		{5D796BFE-8709-49D7-83F1-DDE2BD17A67B}.Debug|Any CPU.ActiveCfg = Debug|Any CPU
		{5D796BFE-8709-49D7-83F1-DDE2BD17A67B}.Debug|Any CPU.Build.0 = Debug|Any CPU
		{5D796BFE-8709-49D7-83F1-DDE2BD17A67B}.Release|Any CPU.ActiveCfg = Release|Any CPU
		{5D796BFE-8709-49D7-83F1-DDE2BD17A67B}.Release|Any CPU.Build.0 = Release|Any CPU
	EndGlobalSection
	GlobalSection(SolutionProperties) = preSolution
		HideSolutionNode = FALSE
	EndGlobalSection
	GlobalSection(ExtensibilityGlobals) = postSolution
		SolutionGuid = {4A4402B9-72D5-4A34-847C-BAB3BB3CAF66}
	EndGlobalSection
EndGlobal
