
Microsoft Visual Studio Solution File, Format Version 12.00
# Visual Studio Version 16
VisualStudioVersion = 16.0.29806.167
MinimumVisualStudioVersion = 10.0.40219.1
Project("{9A19103F-16F7-4668-BE54-9A1E7A4F7556}") = "IoC", "IoC\IoC.csproj", "{A9FF6452-34F8-472E-A0E5-428F6F95B5C1}"
EndProject
Project("{9A19103F-16F7-4668-BE54-9A1E7A4F7556}") = "BlackJack", "BlackJack\BlackJack.csproj", "{B7983808-A77A-466D-A897-4A023C2AFA11}"
EndProject
Global
	GlobalSection(SolutionConfigurationPlatforms) = preSolution
		Debug|Any CPU = Debug|Any CPU
		Release|Any CPU = Release|Any CPU
	EndGlobalSection
	GlobalSection(ProjectConfigurationPlatforms) = postSolution
		{A9FF6452-34F8-472E-A0E5-428F6F95B5C1}.Debug|Any CPU.ActiveCfg = Debug|Any CPU
		{A9FF6452-34F8-472E-A0E5-428F6F95B5C1}.Debug|Any CPU.Build.0 = Debug|Any CPU
		{A9FF6452-34F8-472E-A0E5-428F6F95B5C1}.Release|Any CPU.ActiveCfg = Release|Any CPU
		{A9FF6452-34F8-472E-A0E5-428F6F95B5C1}.Release|Any CPU.Build.0 = Release|Any CPU
		{B7983808-A77A-466D-A897-4A023C2AFA11}.Debug|Any CPU.ActiveCfg = Debug|Any CPU
		{B7983808-A77A-466D-A897-4A023C2AFA11}.Debug|Any CPU.Build.0 = Debug|Any CPU
		{B7983808-A77A-466D-A897-4A023C2AFA11}.Release|Any CPU.ActiveCfg = Release|Any CPU
		{B7983808-A77A-466D-A897-4A023C2AFA11}.Release|Any CPU.Build.0 = Release|Any CPU
	EndGlobalSection
	GlobalSection(SolutionProperties) = preSolution
		HideSolutionNode = FALSE
	EndGlobalSection
	GlobalSection(ExtensibilityGlobals) = postSolution
		SolutionGuid = {5B0093DF-E258-4BC3-9F8D-BACC5C6A2F8C}
	EndGlobalSection
EndGlobal
